
Microsoft Visual Studio Solution File, Format Version 12.00
# Visual Studio Version 17
VisualStudioVersion = 17.0.31903.59
MinimumVisualStudioVersion = 10.0.40219.1
Project("{FAE04EC0-301F-11D3-BF4B-00C04F79EFBC}") = "PlaceHoldr.Web", "PlaceHoldr.Web\PlaceHoldr.Web.csproj", "{A99577B9-7D02-4637-B8A9-91DC806B592C}"
EndProject
Project("{FAE04EC0-301F-11D3-BF4B-00C04F79EFBC}") = "PlaceHoldr.Web.Tests", "PlaceHoldr.Web.Tests\PlaceHoldr.Web.Tests.csproj", "{36410C8A-8E31-4CE3-AE7A-C282D1B783CB}"
EndProject
Global
	GlobalSection(SolutionConfigurationPlatforms) = preSolution
		Debug|Any CPU = Debug|Any CPU
		Release|Any CPU = Release|Any CPU
	EndGlobalSection
	GlobalSection(SolutionProperties) = preSolution
		HideSolutionNode = FALSE
	EndGlobalSection
	GlobalSection(ProjectConfigurationPlatforms) = postSolution
		{A99577B9-7D02-4637-B8A9-91DC806B592C}.Debug|Any CPU.ActiveCfg = Debug|Any CPU
		{A99577B9-7D02-4637-B8A9-91DC806B592C}.Debug|Any CPU.Build.0 = Debug|Any CPU
		{A99577B9-7D02-4637-B8A9-91DC806B592C}.Release|Any CPU.ActiveCfg = Release|Any CPU
		{A99577B9-7D02-4637-B8A9-91DC806B592C}.Release|Any CPU.Build.0 = Release|Any CPU
		{36410C8A-8E31-4CE3-AE7A-C282D1B783CB}.Debug|Any CPU.ActiveCfg = Debug|Any CPU
		{36410C8A-8E31-4CE3-AE7A-C282D1B783CB}.Debug|Any CPU.Build.0 = Debug|Any CPU
		{36410C8A-8E31-4CE3-AE7A-C282D1B783CB}.Release|Any CPU.ActiveCfg = Release|Any CPU
		{36410C8A-8E31-4CE3-AE7A-C282D1B783CB}.Release|Any CPU.Build.0 = Release|Any CPU
	EndGlobalSection
EndGlobal
